
Microsoft Visual Studio Solution File, Format Version 12.00
# Visual Studio Version 17
VisualStudioVersion = 17.6.33712.159
MinimumVisualStudioVersion = 10.0.40219.1
Project("{2150E333-8FDC-42A3-9474-1A3956D46DE8}") = "Batch and Excel", "Batch and Excel", "{8FB99B33-F136-4FFA-A4E8-4779DE07B65F}"
EndProject
Project("{9A19103F-16F7-4668-BE54-9A1E7A4F7556}") = "BlazorTrainingApi", "BlazorTrainingApi\BlazorTrainingApi.csproj", "{7ADCD49C-AAC5-4AEA-A937-2F2D902A1FF0}"
EndProject
Project("{9A19103F-16F7-4668-BE54-9A1E7A4F7556}") = "BatchAndExcel", "BatchAndExcel\Front\BatchAndExcel\BatchAndExcel.csproj", "{671F4052-8BC3-48A4-9D83-AD220C33B443}"
EndProject
Project("{9A19103F-16F7-4668-BE54-9A1E7A4F7556}") = "BatchAndExcelCommon", "BatchAndExcel\Common\BatchAndExcelCommon\BatchAndExcelCommon.csproj", "{75D50690-A891-4A66-AFDE-BAA3B6EC337E}"
EndProject
Project("{9A19103F-16F7-4668-BE54-9A1E7A4F7556}") = "BatchAndExcelBack", "BatchAndExcel\Back\BatchAndExcelBack\BatchAndExcelBack.csproj", "{FA498D69-C8B3-460F-9416-3EFDB57376F8}"
EndProject
Project("{9A19103F-16F7-4668-BE54-9A1E7A4F7556}") = "BlazorMenu", "BlazorMenu\BlazorMenu.csproj", "{2A44C793-CB0D-4E7D-AFED-7A61924F85E7}"
EndProject
Project("{2150E333-8FDC-42A3-9474-1A3956D46DE8}") = "Example", "Example", "{36CEE55E-1DA5-41A3-A018-F0AA78A317E2}"
EndProject
Project("{9A19103F-16F7-4668-BE54-9A1E7A4F7556}") = "DataDummyProvider", "Example\DataDummyProvider\DataDummyProvider.csproj", "{DC06BBD8-0FFE-4E27-81FF-609E2FE241E5}"
EndProject
Project("{9A19103F-16F7-4668-BE54-9A1E7A4F7556}") = "SAB01000Front", "Example\SAB01000Front\SAB01000Front.csproj", "{6DE5C7C1-2BA1-4B1F-93A9-62D842B240CD}"
EndProject
Project("{9A19103F-16F7-4668-BE54-9A1E7A4F7556}") = "SAB00900Front", "Example\SAB00900Front\SAB00900Front.csproj", "{777BA6D0-9A88-428A-9BB5-3DAC307ADD6D}"
EndProject
Project("{2150E333-8FDC-42A3-9474-1A3956D46DE8}") = "Find With Conductor", "Find With Conductor", "{83F12FBD-DDD0-4797-9086-DE5D7513B041}"
EndProject
Project("{2150E333-8FDC-42A3-9474-1A3956D46DE8}") = "GridView Batch", "GridView Batch", "{6F9B98B3-3B6D-43BC-8F92-74BB7C42FB33}"
EndProject
Project("{9A19103F-16F7-4668-BE54-9A1E7A4F7556}") = "SAB00900FrontResources", "Example\SAB00900FrontResources\SAB00900FrontResources.csproj", "{3E56E4DB-AC3C-40FA-BFD1-5571B1146AC2}"
EndProject
Global
	GlobalSection(SolutionConfigurationPlatforms) = preSolution
		Debug|Any CPU = Debug|Any CPU
		Release|Any CPU = Release|Any CPU
	EndGlobalSection
	GlobalSection(ProjectConfigurationPlatforms) = postSolution
		{7ADCD49C-AAC5-4AEA-A937-2F2D902A1FF0}.Debug|Any CPU.ActiveCfg = Debug|Any CPU
		{7ADCD49C-AAC5-4AEA-A937-2F2D902A1FF0}.Debug|Any CPU.Build.0 = Debug|Any CPU
		{7ADCD49C-AAC5-4AEA-A937-2F2D902A1FF0}.Release|Any CPU.ActiveCfg = Release|Any CPU
		{7ADCD49C-AAC5-4AEA-A937-2F2D902A1FF0}.Release|Any CPU.Build.0 = Release|Any CPU
		{671F4052-8BC3-48A4-9D83-AD220C33B443}.Debug|Any CPU.ActiveCfg = Debug|Any CPU
		{671F4052-8BC3-48A4-9D83-AD220C33B443}.Debug|Any CPU.Build.0 = Debug|Any CPU
		{671F4052-8BC3-48A4-9D83-AD220C33B443}.Release|Any CPU.ActiveCfg = Release|Any CPU
		{671F4052-8BC3-48A4-9D83-AD220C33B443}.Release|Any CPU.Build.0 = Release|Any CPU
		{75D50690-A891-4A66-AFDE-BAA3B6EC337E}.Debug|Any CPU.ActiveCfg = Debug|Any CPU
		{75D50690-A891-4A66-AFDE-BAA3B6EC337E}.Debug|Any CPU.Build.0 = Debug|Any CPU
		{75D50690-A891-4A66-AFDE-BAA3B6EC337E}.Release|Any CPU.ActiveCfg = Release|Any CPU
		{75D50690-A891-4A66-AFDE-BAA3B6EC337E}.Release|Any CPU.Build.0 = Release|Any CPU
		{FA498D69-C8B3-460F-9416-3EFDB57376F8}.Debug|Any CPU.ActiveCfg = Debug|Any CPU
		{FA498D69-C8B3-460F-9416-3EFDB57376F8}.Debug|Any CPU.Build.0 = Debug|Any CPU
		{FA498D69-C8B3-460F-9416-3EFDB57376F8}.Release|Any CPU.ActiveCfg = Release|Any CPU
		{FA498D69-C8B3-460F-9416-3EFDB57376F8}.Release|Any CPU.Build.0 = Release|Any CPU
		{2A44C793-CB0D-4E7D-AFED-7A61924F85E7}.Debug|Any CPU.ActiveCfg = Debug|Any CPU
		{2A44C793-CB0D-4E7D-AFED-7A61924F85E7}.Debug|Any CPU.Build.0 = Debug|Any CPU
		{2A44C793-CB0D-4E7D-AFED-7A61924F85E7}.Release|Any CPU.ActiveCfg = Release|Any CPU
		{2A44C793-CB0D-4E7D-AFED-7A61924F85E7}.Release|Any CPU.Build.0 = Release|Any CPU
		{DC06BBD8-0FFE-4E27-81FF-609E2FE241E5}.Debug|Any CPU.ActiveCfg = Debug|Any CPU
		{DC06BBD8-0FFE-4E27-81FF-609E2FE241E5}.Debug|Any CPU.Build.0 = Debug|Any CPU
		{DC06BBD8-0FFE-4E27-81FF-609E2FE241E5}.Release|Any CPU.ActiveCfg = Release|Any CPU
		{DC06BBD8-0FFE-4E27-81FF-609E2FE241E5}.Release|Any CPU.Build.0 = Release|Any CPU
		{6DE5C7C1-2BA1-4B1F-93A9-62D842B240CD}.Debug|Any CPU.ActiveCfg = Debug|Any CPU
		{6DE5C7C1-2BA1-4B1F-93A9-62D842B240CD}.Debug|Any CPU.Build.0 = Debug|Any CPU
		{6DE5C7C1-2BA1-4B1F-93A9-62D842B240CD}.Release|Any CPU.ActiveCfg = Release|Any CPU
		{6DE5C7C1-2BA1-4B1F-93A9-62D842B240CD}.Release|Any CPU.Build.0 = Release|Any CPU
		{777BA6D0-9A88-428A-9BB5-3DAC307ADD6D}.Debug|Any CPU.ActiveCfg = Debug|Any CPU
		{777BA6D0-9A88-428A-9BB5-3DAC307ADD6D}.Debug|Any CPU.Build.0 = Debug|Any CPU
		{777BA6D0-9A88-428A-9BB5-3DAC307ADD6D}.Release|Any CPU.ActiveCfg = Release|Any CPU
		{777BA6D0-9A88-428A-9BB5-3DAC307ADD6D}.Release|Any CPU.Build.0 = Release|Any CPU
		{3E56E4DB-AC3C-40FA-BFD1-5571B1146AC2}.Debug|Any CPU.ActiveCfg = Debug|Any CPU
		{3E56E4DB-AC3C-40FA-BFD1-5571B1146AC2}.Debug|Any CPU.Build.0 = Debug|Any CPU
		{3E56E4DB-AC3C-40FA-BFD1-5571B1146AC2}.Release|Any CPU.ActiveCfg = Release|Any CPU
		{3E56E4DB-AC3C-40FA-BFD1-5571B1146AC2}.Release|Any CPU.Build.0 = Release|Any CPU
	EndGlobalSection
	GlobalSection(SolutionProperties) = preSolution
		HideSolutionNode = FALSE
	EndGlobalSection
	GlobalSection(NestedProjects) = preSolution
		{671F4052-8BC3-48A4-9D83-AD220C33B443} = {8FB99B33-F136-4FFA-A4E8-4779DE07B65F}
		{75D50690-A891-4A66-AFDE-BAA3B6EC337E} = {8FB99B33-F136-4FFA-A4E8-4779DE07B65F}
		{FA498D69-C8B3-460F-9416-3EFDB57376F8} = {8FB99B33-F136-4FFA-A4E8-4779DE07B65F}
		{DC06BBD8-0FFE-4E27-81FF-609E2FE241E5} = {36CEE55E-1DA5-41A3-A018-F0AA78A317E2}
		{6DE5C7C1-2BA1-4B1F-93A9-62D842B240CD} = {6F9B98B3-3B6D-43BC-8F92-74BB7C42FB33}
		{777BA6D0-9A88-428A-9BB5-3DAC307ADD6D} = {83F12FBD-DDD0-4797-9086-DE5D7513B041}
		{83F12FBD-DDD0-4797-9086-DE5D7513B041} = {36CEE55E-1DA5-41A3-A018-F0AA78A317E2}
		{6F9B98B3-3B6D-43BC-8F92-74BB7C42FB33} = {36CEE55E-1DA5-41A3-A018-F0AA78A317E2}
		{3E56E4DB-AC3C-40FA-BFD1-5571B1146AC2} = {83F12FBD-DDD0-4797-9086-DE5D7513B041}
	EndGlobalSection
	GlobalSection(ExtensibilityGlobals) = postSolution
		SolutionGuid = {326F6793-B282-4539-8298-FACE822E7925}
	EndGlobalSection
EndGlobal
