
Microsoft Visual Studio Solution File, Format Version 12.00
# Visual Studio Version 17
VisualStudioVersion = 17.6.33712.159
MinimumVisualStudioVersion = 10.0.40219.1
Project("{9A19103F-16F7-4668-BE54-9A1E7A4F7556}") = "BlazorTrainingApi", "BlazorTrainingApi\BlazorTrainingApi.csproj", "{7ADCD49C-AAC5-4AEA-A937-2F2D902A1FF0}"
EndProject
Project("{9A19103F-16F7-4668-BE54-9A1E7A4F7556}") = "BlazorMenu", "BlazorMenu\BlazorMenu.csproj", "{2A44C793-CB0D-4E7D-AFED-7A61924F85E7}"
EndProject
Project("{2150E333-8FDC-42A3-9474-1A3956D46DE8}") = "Example", "Example", "{36CEE55E-1DA5-41A3-A018-F0AA78A317E2}"
EndProject
Project("{9A19103F-16F7-4668-BE54-9A1E7A4F7556}") = "DataDummyProvider", "Example\DataDummyProvider\DataDummyProvider.csproj", "{DC06BBD8-0FFE-4E27-81FF-609E2FE241E5}"
EndProject
Project("{9A19103F-16F7-4668-BE54-9A1E7A4F7556}") = "SAB01000Front", "Example\SAB01000Front\SAB01000Front.csproj", "{6DE5C7C1-2BA1-4B1F-93A9-62D842B240CD}"
EndProject
Project("{9A19103F-16F7-4668-BE54-9A1E7A4F7556}") = "SAB00900Front", "Example\SAB00900Front\SAB00900Front.csproj", "{777BA6D0-9A88-428A-9BB5-3DAC307ADD6D}"
EndProject
Project("{2150E333-8FDC-42A3-9474-1A3956D46DE8}") = "SAB00900 - Find With Conductor", "SAB00900 - Find With Conductor", "{83F12FBD-DDD0-4797-9086-DE5D7513B041}"
EndProject
Project("{2150E333-8FDC-42A3-9474-1A3956D46DE8}") = "SAB01000 - GridView Batch", "SAB01000 - GridView Batch", "{6F9B98B3-3B6D-43BC-8F92-74BB7C42FB33}"
EndProject
Project("{9A19103F-16F7-4668-BE54-9A1E7A4F7556}") = "SAB00900FrontResources", "Example\SAB00900FrontResources\SAB00900FrontResources.csproj", "{3E56E4DB-AC3C-40FA-BFD1-5571B1146AC2}"
EndProject
Project("{2150E333-8FDC-42A3-9474-1A3956D46DE8}") = "Batch Process", "Batch Process", "{D10FBFC6-78E1-4A5A-8C22-A626FFE9D351}"
EndProject
Project("{9A19103F-16F7-4668-BE54-9A1E7A4F7556}") = "SAB02400Front", "Example\SAB02400Front\SAB02400Front.csproj", "{D9CD26FB-1D98-4066-8995-204F4E396688}"
EndProject
Project("{2150E333-8FDC-42A3-9474-1A3956D46DE8}") = "SAB00600 - GridView Original", "SAB00600 - GridView Original", "{75EAC1F5-BF8C-4984-9BC3-D7E082D20EDB}"
EndProject
Project("{9A19103F-16F7-4668-BE54-9A1E7A4F7556}") = "SAB00600Front", "Example\SAB00600Front\SAB00600Front.csproj", "{7234505B-7F33-407E-B78C-7376C0298C7B}"
EndProject
Project("{2150E333-8FDC-42A3-9474-1A3956D46DE8}") = "SAB00700 - GridView Navigator", "SAB00700 - GridView Navigator", "{1EA1E2B9-5244-4BC0-A850-E85856E91432}"
EndProject
Project("{9A19103F-16F7-4668-BE54-9A1E7A4F7556}") = "SAB00700Front", "Example\SAB00700Front\SAB00700Front.csproj", "{7672ECA6-CCB2-454E-832B-2C4A534F4FF6}"
EndProject
Project("{2150E333-8FDC-42A3-9474-1A3956D46DE8}") = "Controls", "Controls", "{F8F65871-E2B2-4389-98B7-F7D511126048}"
EndProject
Project("{9A19103F-16F7-4668-BE54-9A1E7A4F7556}") = "SAB03000Front", "Controls\SAB03000Front\SAB03000Front.csproj", "{168E0E95-E227-407E-91C1-E19988E32BC3}"
EndProject
Project("{2150E333-8FDC-42A3-9474-1A3956D46DE8}") = "SAB01200 - Grid and Grid", "SAB01200 - Grid and Grid", "{606A3610-FCC3-4E49-BA8E-27C9B5E5AE65}"
EndProject
Project("{9A19103F-16F7-4668-BE54-9A1E7A4F7556}") = "SAB01200Front", "Example\SAB01200Front\SAB01200Front.csproj", "{2352423E-6F13-48D4-AE64-F7E096C6715F}"
EndProject
Project("{9A19103F-16F7-4668-BE54-9A1E7A4F7556}") = "SAB01400Front", "Example\SAB01400Front\SAB01400Front.csproj", "{F8012964-F171-4F27-A0B6-0685A6834BA9}"
EndProject
Project("{2150E333-8FDC-42A3-9474-1A3956D46DE8}") = "SAB01400 - Detail", "SAB01400 - Detail", "{6F21D44F-96E9-4A8C-B813-AEF96EAE5FDE}"
EndProject
Project("{2150E333-8FDC-42A3-9474-1A3956D46DE8}") = "SAB03000 - Tab", "SAB03000 - Tab", "{14F121CB-5530-4764-886B-ADE95B386539}"
EndProject
Project("{2150E333-8FDC-42A3-9474-1A3956D46DE8}") = "SAB01900 - Tab Header Detail", "SAB01900 - Tab Header Detail", "{D749F409-5050-479C-B0AE-64D746BC529B}"
EndProject
Project("{9A19103F-16F7-4668-BE54-9A1E7A4F7556}") = "SAB01900Front", "Example\SAB01900Front\SAB01900Front.csproj", "{386F785E-43A9-40CB-8071-F66EC54A392A}"
EndProject
Project("{2150E333-8FDC-42A3-9474-1A3956D46DE8}") = "SAB03100 - Input Controls", "SAB03100 - Input Controls", "{5B215443-0DF8-4984-89D7-B5D98993D8FA}"
EndProject
Project("{9A19103F-16F7-4668-BE54-9A1E7A4F7556}") = "SAB03100Front", "Controls\SAB03100Front\SAB03100Front.csproj", "{96F91B2B-0BAB-4A19-9722-FFBCC9E0C8E2}"
EndProject
Project("{2150E333-8FDC-42A3-9474-1A3956D46DE8}") = "Buttons", "Buttons", "{84B741D8-3BB1-4E44-8226-C179F415AF3E}"
EndProject
Project("{9A19103F-16F7-4668-BE54-9A1E7A4F7556}") = "SAB03200Front", "Controls\SAB03200Front\SAB03200Front.csproj", "{F1F41265-0C9D-4016-97BB-702FABEBD004}"
EndProject
Project("{2150E333-8FDC-42A3-9474-1A3956D46DE8}") = "SAB03300 - Grid Sequence", "SAB03300 - Grid Sequence", "{4A345B35-6722-4F8F-A60F-402CA2B9C287}"
EndProject
Project("{9A19103F-16F7-4668-BE54-9A1E7A4F7556}") = "SAB03300Front", "Controls\SAB03300Front\SAB03300Front.csproj", "{AB0D2BFE-80F5-439C-B7D6-0402F6ABA3AA}"
EndProject
Project("{2150E333-8FDC-42A3-9474-1A3956D46DE8}") = "SAB03400 - Grid Mover", "SAB03400 - Grid Mover", "{6DECA05B-715F-4746-AA79-057DC7DB0856}"
EndProject
Project("{9A19103F-16F7-4668-BE54-9A1E7A4F7556}") = "SAB03400Front", "Controls\SAB03400Front\SAB03400Front.csproj", "{3FE79224-52C6-4598-AB1B-40DEEA94068B}"
EndProject
Project("{2150E333-8FDC-42A3-9474-1A3956D46DE8}") = "Excel", "Excel", "{D47615D1-CB40-48D1-9569-67CEE41F1855}"
EndProject
Project("{9A19103F-16F7-4668-BE54-9A1E7A4F7556}") = "SAB04000Front", "Other\SAB04000Front\SAB04000Front.csproj", "{6A43124F-D691-4DEC-9FFA-31CDF4A64036}"
EndProject
Project("{2150E333-8FDC-42A3-9474-1A3956D46DE8}") = "SAB00800 - TreeView Navigator", "SAB00800 - TreeView Navigator", "{F42DBB53-CFB3-4F9E-B131-B360A212969E}"
EndProject
Project("{9A19103F-16F7-4668-BE54-9A1E7A4F7556}") = "SAB00800Front", "Example\SAB00800Front\SAB00800Front.csproj", "{5BEC3102-216D-4D05-B6F2-1A84414632F6}"
EndProject
Project("{2150E333-8FDC-42A3-9474-1A3956D46DE8}") = "SAB01300 - Navigator and Batch", "SAB01300 - Navigator and Batch", "{85437E7A-C690-4011-B7C4-46D9BB098A33}"
EndProject
Project("{9A19103F-16F7-4668-BE54-9A1E7A4F7556}") = "SAB01300Front", "Example\SAB01300Front\SAB01300Front.csproj", "{8E1D2434-FF04-4A7F-8492-0ACECAC5516A}"
EndProject
Project("{2150E333-8FDC-42A3-9474-1A3956D46DE8}") = "SAB01500 - Navigator Navigator", "SAB01500 - Navigator Navigator", "{E30052DD-3EFB-4FD8-A399-A2599CEC8974}"
EndProject
Project("{9A19103F-16F7-4668-BE54-9A1E7A4F7556}") = "SAB01500Front", "Example\SAB01500Front\SAB01500Front.csproj", "{CC63CDFE-AA06-4D3A-AD22-C6AA1FCC5E08}"
EndProject
Project("{FAE04EC0-301F-11D3-BF4B-00C04F79EFBC}") = "BlazorTraining.Controls", "Controls\BlazorTraining.Controls\BlazorTraining.Controls.csproj", "{06A77F99-AE19-465D-827D-27A793FF4A15}"
EndProject
Project("{2150E333-8FDC-42A3-9474-1A3956D46DE8}") = "Library", "Library", "{02EA681E-C7D8-13C7-8484-4AC65E1B71E8}"
EndProject
Global
	GlobalSection(SolutionConfigurationPlatforms) = preSolution
		Debug|Any CPU = Debug|Any CPU
		Release|Any CPU = Release|Any CPU
	EndGlobalSection
	GlobalSection(ProjectConfigurationPlatforms) = postSolution
		{7ADCD49C-AAC5-4AEA-A937-2F2D902A1FF0}.Debug|Any CPU.ActiveCfg = Debug|Any CPU
		{7ADCD49C-AAC5-4AEA-A937-2F2D902A1FF0}.Debug|Any CPU.Build.0 = Debug|Any CPU
		{7ADCD49C-AAC5-4AEA-A937-2F2D902A1FF0}.Release|Any CPU.ActiveCfg = Release|Any CPU
		{7ADCD49C-AAC5-4AEA-A937-2F2D902A1FF0}.Release|Any CPU.Build.0 = Release|Any CPU
		{2A44C793-CB0D-4E7D-AFED-7A61924F85E7}.Debug|Any CPU.ActiveCfg = Debug|Any CPU
		{2A44C793-CB0D-4E7D-AFED-7A61924F85E7}.Debug|Any CPU.Build.0 = Debug|Any CPU
		{2A44C793-CB0D-4E7D-AFED-7A61924F85E7}.Release|Any CPU.ActiveCfg = Release|Any CPU
		{2A44C793-CB0D-4E7D-AFED-7A61924F85E7}.Release|Any CPU.Build.0 = Release|Any CPU
		{DC06BBD8-0FFE-4E27-81FF-609E2FE241E5}.Debug|Any CPU.ActiveCfg = Debug|Any CPU
		{DC06BBD8-0FFE-4E27-81FF-609E2FE241E5}.Debug|Any CPU.Build.0 = Debug|Any CPU
		{DC06BBD8-0FFE-4E27-81FF-609E2FE241E5}.Release|Any CPU.ActiveCfg = Release|Any CPU
		{DC06BBD8-0FFE-4E27-81FF-609E2FE241E5}.Release|Any CPU.Build.0 = Release|Any CPU
		{6DE5C7C1-2BA1-4B1F-93A9-62D842B240CD}.Debug|Any CPU.ActiveCfg = Debug|Any CPU
		{6DE5C7C1-2BA1-4B1F-93A9-62D842B240CD}.Debug|Any CPU.Build.0 = Debug|Any CPU
		{6DE5C7C1-2BA1-4B1F-93A9-62D842B240CD}.Release|Any CPU.ActiveCfg = Release|Any CPU
		{6DE5C7C1-2BA1-4B1F-93A9-62D842B240CD}.Release|Any CPU.Build.0 = Release|Any CPU
		{777BA6D0-9A88-428A-9BB5-3DAC307ADD6D}.Debug|Any CPU.ActiveCfg = Debug|Any CPU
		{777BA6D0-9A88-428A-9BB5-3DAC307ADD6D}.Debug|Any CPU.Build.0 = Debug|Any CPU
		{777BA6D0-9A88-428A-9BB5-3DAC307ADD6D}.Release|Any CPU.ActiveCfg = Release|Any CPU
		{777BA6D0-9A88-428A-9BB5-3DAC307ADD6D}.Release|Any CPU.Build.0 = Release|Any CPU
		{3E56E4DB-AC3C-40FA-BFD1-5571B1146AC2}.Debug|Any CPU.ActiveCfg = Debug|Any CPU
		{3E56E4DB-AC3C-40FA-BFD1-5571B1146AC2}.Debug|Any CPU.Build.0 = Debug|Any CPU
		{3E56E4DB-AC3C-40FA-BFD1-5571B1146AC2}.Release|Any CPU.ActiveCfg = Release|Any CPU
		{3E56E4DB-AC3C-40FA-BFD1-5571B1146AC2}.Release|Any CPU.Build.0 = Release|Any CPU
		{D9CD26FB-1D98-4066-8995-204F4E396688}.Debug|Any CPU.ActiveCfg = Debug|Any CPU
		{D9CD26FB-1D98-4066-8995-204F4E396688}.Debug|Any CPU.Build.0 = Debug|Any CPU
		{D9CD26FB-1D98-4066-8995-204F4E396688}.Release|Any CPU.ActiveCfg = Release|Any CPU
		{D9CD26FB-1D98-4066-8995-204F4E396688}.Release|Any CPU.Build.0 = Release|Any CPU
		{7234505B-7F33-407E-B78C-7376C0298C7B}.Debug|Any CPU.ActiveCfg = Debug|Any CPU
		{7234505B-7F33-407E-B78C-7376C0298C7B}.Debug|Any CPU.Build.0 = Debug|Any CPU
		{7234505B-7F33-407E-B78C-7376C0298C7B}.Release|Any CPU.ActiveCfg = Release|Any CPU
		{7234505B-7F33-407E-B78C-7376C0298C7B}.Release|Any CPU.Build.0 = Release|Any CPU
		{7672ECA6-CCB2-454E-832B-2C4A534F4FF6}.Debug|Any CPU.ActiveCfg = Debug|Any CPU
		{7672ECA6-CCB2-454E-832B-2C4A534F4FF6}.Debug|Any CPU.Build.0 = Debug|Any CPU
		{7672ECA6-CCB2-454E-832B-2C4A534F4FF6}.Release|Any CPU.ActiveCfg = Release|Any CPU
		{7672ECA6-CCB2-454E-832B-2C4A534F4FF6}.Release|Any CPU.Build.0 = Release|Any CPU
		{168E0E95-E227-407E-91C1-E19988E32BC3}.Debug|Any CPU.ActiveCfg = Debug|Any CPU
		{168E0E95-E227-407E-91C1-E19988E32BC3}.Debug|Any CPU.Build.0 = Debug|Any CPU
		{168E0E95-E227-407E-91C1-E19988E32BC3}.Release|Any CPU.ActiveCfg = Release|Any CPU
		{168E0E95-E227-407E-91C1-E19988E32BC3}.Release|Any CPU.Build.0 = Release|Any CPU
		{2352423E-6F13-48D4-AE64-F7E096C6715F}.Debug|Any CPU.ActiveCfg = Debug|Any CPU
		{2352423E-6F13-48D4-AE64-F7E096C6715F}.Debug|Any CPU.Build.0 = Debug|Any CPU
		{2352423E-6F13-48D4-AE64-F7E096C6715F}.Release|Any CPU.ActiveCfg = Release|Any CPU
		{2352423E-6F13-48D4-AE64-F7E096C6715F}.Release|Any CPU.Build.0 = Release|Any CPU
		{F8012964-F171-4F27-A0B6-0685A6834BA9}.Debug|Any CPU.ActiveCfg = Debug|Any CPU
		{F8012964-F171-4F27-A0B6-0685A6834BA9}.Debug|Any CPU.Build.0 = Debug|Any CPU
		{F8012964-F171-4F27-A0B6-0685A6834BA9}.Release|Any CPU.ActiveCfg = Release|Any CPU
		{F8012964-F171-4F27-A0B6-0685A6834BA9}.Release|Any CPU.Build.0 = Release|Any CPU
		{386F785E-43A9-40CB-8071-F66EC54A392A}.Debug|Any CPU.ActiveCfg = Debug|Any CPU
		{386F785E-43A9-40CB-8071-F66EC54A392A}.Debug|Any CPU.Build.0 = Debug|Any CPU
		{386F785E-43A9-40CB-8071-F66EC54A392A}.Release|Any CPU.ActiveCfg = Release|Any CPU
		{386F785E-43A9-40CB-8071-F66EC54A392A}.Release|Any CPU.Build.0 = Release|Any CPU
		{96F91B2B-0BAB-4A19-9722-FFBCC9E0C8E2}.Debug|Any CPU.ActiveCfg = Debug|Any CPU
		{96F91B2B-0BAB-4A19-9722-FFBCC9E0C8E2}.Debug|Any CPU.Build.0 = Debug|Any CPU
		{96F91B2B-0BAB-4A19-9722-FFBCC9E0C8E2}.Release|Any CPU.ActiveCfg = Release|Any CPU
		{96F91B2B-0BAB-4A19-9722-FFBCC9E0C8E2}.Release|Any CPU.Build.0 = Release|Any CPU
		{F1F41265-0C9D-4016-97BB-702FABEBD004}.Debug|Any CPU.ActiveCfg = Debug|Any CPU
		{F1F41265-0C9D-4016-97BB-702FABEBD004}.Debug|Any CPU.Build.0 = Debug|Any CPU
		{F1F41265-0C9D-4016-97BB-702FABEBD004}.Release|Any CPU.ActiveCfg = Release|Any CPU
		{F1F41265-0C9D-4016-97BB-702FABEBD004}.Release|Any CPU.Build.0 = Release|Any CPU
		{AB0D2BFE-80F5-439C-B7D6-0402F6ABA3AA}.Debug|Any CPU.ActiveCfg = Debug|Any CPU
		{AB0D2BFE-80F5-439C-B7D6-0402F6ABA3AA}.Debug|Any CPU.Build.0 = Debug|Any CPU
		{AB0D2BFE-80F5-439C-B7D6-0402F6ABA3AA}.Release|Any CPU.ActiveCfg = Release|Any CPU
		{AB0D2BFE-80F5-439C-B7D6-0402F6ABA3AA}.Release|Any CPU.Build.0 = Release|Any CPU
		{3FE79224-52C6-4598-AB1B-40DEEA94068B}.Debug|Any CPU.ActiveCfg = Debug|Any CPU
		{3FE79224-52C6-4598-AB1B-40DEEA94068B}.Debug|Any CPU.Build.0 = Debug|Any CPU
		{3FE79224-52C6-4598-AB1B-40DEEA94068B}.Release|Any CPU.ActiveCfg = Release|Any CPU
		{3FE79224-52C6-4598-AB1B-40DEEA94068B}.Release|Any CPU.Build.0 = Release|Any CPU
		{6A43124F-D691-4DEC-9FFA-31CDF4A64036}.Debug|Any CPU.ActiveCfg = Debug|Any CPU
		{6A43124F-D691-4DEC-9FFA-31CDF4A64036}.Debug|Any CPU.Build.0 = Debug|Any CPU
		{6A43124F-D691-4DEC-9FFA-31CDF4A64036}.Release|Any CPU.ActiveCfg = Release|Any CPU
		{6A43124F-D691-4DEC-9FFA-31CDF4A64036}.Release|Any CPU.Build.0 = Release|Any CPU
		{5BEC3102-216D-4D05-B6F2-1A84414632F6}.Debug|Any CPU.ActiveCfg = Debug|Any CPU
		{5BEC3102-216D-4D05-B6F2-1A84414632F6}.Debug|Any CPU.Build.0 = Debug|Any CPU
		{5BEC3102-216D-4D05-B6F2-1A84414632F6}.Release|Any CPU.ActiveCfg = Release|Any CPU
		{5BEC3102-216D-4D05-B6F2-1A84414632F6}.Release|Any CPU.Build.0 = Release|Any CPU
		{8E1D2434-FF04-4A7F-8492-0ACECAC5516A}.Debug|Any CPU.ActiveCfg = Debug|Any CPU
		{8E1D2434-FF04-4A7F-8492-0ACECAC5516A}.Debug|Any CPU.Build.0 = Debug|Any CPU
		{8E1D2434-FF04-4A7F-8492-0ACECAC5516A}.Release|Any CPU.ActiveCfg = Release|Any CPU
		{8E1D2434-FF04-4A7F-8492-0ACECAC5516A}.Release|Any CPU.Build.0 = Release|Any CPU
		{CC63CDFE-AA06-4D3A-AD22-C6AA1FCC5E08}.Debug|Any CPU.ActiveCfg = Debug|Any CPU
		{CC63CDFE-AA06-4D3A-AD22-C6AA1FCC5E08}.Debug|Any CPU.Build.0 = Debug|Any CPU
		{CC63CDFE-AA06-4D3A-AD22-C6AA1FCC5E08}.Release|Any CPU.ActiveCfg = Release|Any CPU
		{CC63CDFE-AA06-4D3A-AD22-C6AA1FCC5E08}.Release|Any CPU.Build.0 = Release|Any CPU
		{06A77F99-AE19-465D-827D-27A793FF4A15}.Debug|Any CPU.ActiveCfg = Debug|Any CPU
		{06A77F99-AE19-465D-827D-27A793FF4A15}.Debug|Any CPU.Build.0 = Debug|Any CPU
		{06A77F99-AE19-465D-827D-27A793FF4A15}.Release|Any CPU.ActiveCfg = Release|Any CPU
		{06A77F99-AE19-465D-827D-27A793FF4A15}.Release|Any CPU.Build.0 = Release|Any CPU
	EndGlobalSection
	GlobalSection(SolutionProperties) = preSolution
		HideSolutionNode = FALSE
	EndGlobalSection
	GlobalSection(NestedProjects) = preSolution
		{DC06BBD8-0FFE-4E27-81FF-609E2FE241E5} = {36CEE55E-1DA5-41A3-A018-F0AA78A317E2}
		{6DE5C7C1-2BA1-4B1F-93A9-62D842B240CD} = {6F9B98B3-3B6D-43BC-8F92-74BB7C42FB33}
		{777BA6D0-9A88-428A-9BB5-3DAC307ADD6D} = {83F12FBD-DDD0-4797-9086-DE5D7513B041}
		{83F12FBD-DDD0-4797-9086-DE5D7513B041} = {36CEE55E-1DA5-41A3-A018-F0AA78A317E2}
		{6F9B98B3-3B6D-43BC-8F92-74BB7C42FB33} = {36CEE55E-1DA5-41A3-A018-F0AA78A317E2}
		{3E56E4DB-AC3C-40FA-BFD1-5571B1146AC2} = {83F12FBD-DDD0-4797-9086-DE5D7513B041}
		{D10FBFC6-78E1-4A5A-8C22-A626FFE9D351} = {36CEE55E-1DA5-41A3-A018-F0AA78A317E2}
		{D9CD26FB-1D98-4066-8995-204F4E396688} = {D10FBFC6-78E1-4A5A-8C22-A626FFE9D351}
		{75EAC1F5-BF8C-4984-9BC3-D7E082D20EDB} = {36CEE55E-1DA5-41A3-A018-F0AA78A317E2}
		{7234505B-7F33-407E-B78C-7376C0298C7B} = {75EAC1F5-BF8C-4984-9BC3-D7E082D20EDB}
		{1EA1E2B9-5244-4BC0-A850-E85856E91432} = {36CEE55E-1DA5-41A3-A018-F0AA78A317E2}
		{7672ECA6-CCB2-454E-832B-2C4A534F4FF6} = {1EA1E2B9-5244-4BC0-A850-E85856E91432}
		{168E0E95-E227-407E-91C1-E19988E32BC3} = {14F121CB-5530-4764-886B-ADE95B386539}
		{606A3610-FCC3-4E49-BA8E-27C9B5E5AE65} = {36CEE55E-1DA5-41A3-A018-F0AA78A317E2}
		{2352423E-6F13-48D4-AE64-F7E096C6715F} = {606A3610-FCC3-4E49-BA8E-27C9B5E5AE65}
		{F8012964-F171-4F27-A0B6-0685A6834BA9} = {6F21D44F-96E9-4A8C-B813-AEF96EAE5FDE}
		{6F21D44F-96E9-4A8C-B813-AEF96EAE5FDE} = {36CEE55E-1DA5-41A3-A018-F0AA78A317E2}
		{14F121CB-5530-4764-886B-ADE95B386539} = {F8F65871-E2B2-4389-98B7-F7D511126048}
		{D749F409-5050-479C-B0AE-64D746BC529B} = {36CEE55E-1DA5-41A3-A018-F0AA78A317E2}
		{386F785E-43A9-40CB-8071-F66EC54A392A} = {D749F409-5050-479C-B0AE-64D746BC529B}
		{5B215443-0DF8-4984-89D7-B5D98993D8FA} = {F8F65871-E2B2-4389-98B7-F7D511126048}
		{96F91B2B-0BAB-4A19-9722-FFBCC9E0C8E2} = {5B215443-0DF8-4984-89D7-B5D98993D8FA}
		{84B741D8-3BB1-4E44-8226-C179F415AF3E} = {F8F65871-E2B2-4389-98B7-F7D511126048}
		{F1F41265-0C9D-4016-97BB-702FABEBD004} = {84B741D8-3BB1-4E44-8226-C179F415AF3E}
		{4A345B35-6722-4F8F-A60F-402CA2B9C287} = {F8F65871-E2B2-4389-98B7-F7D511126048}
		{AB0D2BFE-80F5-439C-B7D6-0402F6ABA3AA} = {4A345B35-6722-4F8F-A60F-402CA2B9C287}
		{6DECA05B-715F-4746-AA79-057DC7DB0856} = {F8F65871-E2B2-4389-98B7-F7D511126048}
		{3FE79224-52C6-4598-AB1B-40DEEA94068B} = {6DECA05B-715F-4746-AA79-057DC7DB0856}
		{6A43124F-D691-4DEC-9FFA-31CDF4A64036} = {D47615D1-CB40-48D1-9569-67CEE41F1855}
		{F42DBB53-CFB3-4F9E-B131-B360A212969E} = {36CEE55E-1DA5-41A3-A018-F0AA78A317E2}
		{5BEC3102-216D-4D05-B6F2-1A84414632F6} = {F42DBB53-CFB3-4F9E-B131-B360A212969E}
		{85437E7A-C690-4011-B7C4-46D9BB098A33} = {36CEE55E-1DA5-41A3-A018-F0AA78A317E2}
		{8E1D2434-FF04-4A7F-8492-0ACECAC5516A} = {85437E7A-C690-4011-B7C4-46D9BB098A33}
		{E30052DD-3EFB-4FD8-A399-A2599CEC8974} = {36CEE55E-1DA5-41A3-A018-F0AA78A317E2}
		{CC63CDFE-AA06-4D3A-AD22-C6AA1FCC5E08} = {E30052DD-3EFB-4FD8-A399-A2599CEC8974}
		{06A77F99-AE19-465D-827D-27A793FF4A15} = {F8F65871-E2B2-4389-98B7-F7D511126048}
	EndGlobalSection
	GlobalSection(ExtensibilityGlobals) = postSolution
		SolutionGuid = {326F6793-B282-4539-8298-FACE822E7925}
	EndGlobalSection
EndGlobal
